{
  "version": 4,
  "terraform_version": "1.1.3",
  "serial": 773,
  "lineage": "5807dd6f-de03-65d0-b856-a74f833c8601",
  "outputs": {
    "Instance_public_ip": {
      "value": "",
      "type": "string"
    },
    "lb_dns_name": {
      "value": "wordpress-load-balancer-2059682998.eu-central-1.elb.amazonaws.com",
      "type": "string"
    }
  },
  "resources": [
    {
      "mode": "data",
      "type": "aws_ami",
      "name": "ubuntu",
      "provider": "provider[\"registry.terraform.io/hashicorp/aws\"]",
      "instances": [
        {
          "schema_version": 0,
          "attributes": {
            "architecture": "x86_64",
            "arn": "arn:aws:ec2:eu-central-1::image/ami-05b308c240ae70bb6",
            "block_device_mappings": [
              {
                "device_name": "/dev/sda1",
                "ebs": {
                  "delete_on_termination": "true",
                  "encrypted": "false",
                  "iops": "0",
                  "snapshot_id": "snap-045564e97b37c30ff",
                  "throughput": "0",
                  "volume_size": "8",
                  "volume_type": "gp2"
                },
                "no_device": "",
                "virtual_name": ""
              },
              {
                "device_name": "/dev/sdb",
                "ebs": {},
                "no_device": "",
                "virtual_name": "ephemeral0"
              },
              {
                "device_name": "/dev/sdc",
                "ebs": {},
                "no_device": "",
                "virtual_name": "ephemeral1"
              }
            ],
            "creation_date": "2022-02-01T00:17:18.000Z",
            "description": "Canonical, Ubuntu, 20.04 LTS, amd64 focal image build on 2022-01-31",
            "ena_support": true,
            "executable_users": null,
            "filter": [
              {
                "name": "name",
                "values": [
                  "ubuntu/images/hvm-ssd/ubuntu-focal-20.04-amd64-server-*"
                ]
              },
              {
                "name": "virtualization-type",
                "values": [
                  "hvm"
                ]
              }
            ],
            "hypervisor": "xen",
            "id": "ami-05b308c240ae70bb6",
            "image_id": "ami-05b308c240ae70bb6",
            "image_location": "099720109477/ubuntu/images/hvm-ssd/ubuntu-focal-20.04-amd64-server-20220131",
            "image_owner_alias": null,
            "image_type": "machine",
            "kernel_id": null,
            "most_recent": true,
            "name": "ubuntu/images/hvm-ssd/ubuntu-focal-20.04-amd64-server-20220131",
            "name_regex": null,
            "owner_id": "099720109477",
            "owners": [
              "099720109477"
            ],
            "platform": null,
            "platform_details": "Linux/UNIX",
            "product_codes": [],
            "public": true,
            "ramdisk_id": null,
            "root_device_name": "/dev/sda1",
            "root_device_type": "ebs",
            "root_snapshot_id": "snap-045564e97b37c30ff",
            "sriov_net_support": "simple",
            "state": "available",
            "state_reason": {
              "code": "UNSET",
              "message": "UNSET"
            },
            "tags": {},
            "usage_operation": "RunInstances",
            "virtualization_type": "hvm"
          },
          "sensitive_attributes": []
        }
      ]
    },
    {
      "mode": "data",
      "type": "aws_key_pair",
      "name": "key_pair",
      "provider": "provider[\"registry.terraform.io/hashicorp/aws\"]",
      "instances": [
        {
          "schema_version": 0,
          "attributes": {
            "arn": "arn:aws:ec2:eu-central-1:626205521754:key-pair/Wordpress",
            "filter": null,
            "fingerprint": "bd:31:e6:db:06:8b:4d:24:dd:07:a8:9a:81:24:3e:c3:2f:0a:33:c8",
            "id": "key-0703034f1026a5520",
            "key_name": "Wordpress",
            "key_pair_id": "key-0703034f1026a5520",
            "tags": {}
          },
          "sensitive_attributes": []
        }
      ]
    },
    {
      "mode": "data",
      "type": "aws_route53_zone",
      "name": "selected",
      "provider": "provider[\"registry.terraform.io/hashicorp/aws\"]",
      "instances": [
        {
          "schema_version": 0,
          "attributes": {
            "arn": "arn:aws:route53:::hostedzone/Z03228521HTLRMBV541H0",
            "caller_reference": "e26104c0-d92f-47a7-83b5-28ecf2026e14",
            "comment": "",
            "id": "Z03228521HTLRMBV541H0",
            "linked_service_description": null,
            "linked_service_principal": null,
            "name": "cloudchaser.live",
            "name_servers": [
              "ns-283.awsdns-35.com",
              "ns-1374.awsdns-43.org",
              "ns-1550.awsdns-01.co.uk",
              "ns-956.awsdns-55.net"
            ],
            "private_zone": false,
            "resource_record_set_count": 2,
            "tags": {},
            "vpc_id": null,
            "zone_id": "Z03228521HTLRMBV541H0"
          },
          "sensitive_attributes": []
        }
      ]
    },
    {
      "mode": "data",
      "type": "template_file",
      "name": "efs-script",
      "provider": "provider[\"registry.terraform.io/hashicorp/template\"]",
      "instances": [
        {
          "schema_version": 0,
          "attributes": {
            "filename": null,
            "id": "0c80b1c4d14485422d686a94683cfac63b8d821c750b8c872032de845341d8bd",
            "rendered": "#!/bin/bash\napt-get update -y\napt-get upgrade -y\nsudo apt-get install nfs-utils -y\nsudo mount -t nfs4 -o nfsvers=4.1,rsize=1048576,wsize=1048576,hard,timeo=600,retrans=2,noresvport fs-0adb7d06e900457e4.efs.eu-central-1.amazonaws.com:/ /var/www/html",
            "template": "#!/bin/bash\napt-get update -y\napt-get upgrade -y\nsudo apt-get install nfs-utils -y\nsudo mount -t nfs4 -o nfsvers=4.1,rsize=1048576,wsize=1048576,hard,timeo=600,retrans=2,noresvport ${file_system_id}.efs.${region}.amazonaws.com:/ /var/www/html",
            "vars": {
              "file_system_id": "fs-0adb7d06e900457e4",
              "region": "eu-central-1"
            }
          },
          "sensitive_attributes": []
        }
      ]
    },
    {
      "mode": "managed",
      "type": "aws_ami_from_instance",
      "name": "ami_wordpress",
      "provider": "provider[\"registry.terraform.io/hashicorp/aws\"]",
      "instances": [
        {
          "schema_version": 0,
          "attributes": {
            "architecture": "x86_64",
            "arn": "arn:aws:ec2:eu-central-1::image/ami-0f3a0264f8d9abbe7",
            "description": "",
            "ebs_block_device": [
              {
                "delete_on_termination": true,
                "device_name": "/dev/sda1",
                "encrypted": false,
                "iops": 0,
                "snapshot_id": "snap-0846598ea49b2ae20",
                "throughput": 0,
                "volume_size": 8,
                "volume_type": "gp2"
              }
            ],
            "ena_support": true,
            "ephemeral_block_device": [
              {
                "device_name": "/dev/sdb",
                "virtual_name": "ephemeral0"
              },
              {
                "device_name": "/dev/sdc",
                "virtual_name": "ephemeral1"
              }
            ],
            "hypervisor": "xen",
            "id": "ami-0f3a0264f8d9abbe7",
            "image_location": "626205521754/ami_wordpress_terraform",
            "image_owner_alias": "",
            "image_type": "machine",
            "kernel_id": "",
            "manage_ebs_snapshots": true,
            "name": "ami_wordpress_terraform",
            "owner_id": "626205521754",
            "platform": "",
            "platform_details": "Linux/UNIX",
            "public": false,
            "ramdisk_id": "",
            "root_device_name": "/dev/sda1",
            "root_snapshot_id": "snap-0846598ea49b2ae20",
            "snapshot_without_reboot": null,
            "source_instance_id": "i-0e166b913b48e6160",
            "sriov_net_support": "simple",
            "tags": null,
            "tags_all": {},
            "timeouts": null,
            "usage_operation": "RunInstances",
            "virtualization_type": "hvm"
          },
          "sensitive_attributes": [],
          "private": "eyJlMmJmYjczMC1lY2FhLTExZTYtOGY4OC0zNDM2M2JjN2M0YzAiOnsiY3JlYXRlIjoyNDAwMDAwMDAwMDAwLCJkZWxldGUiOjU0MDAwMDAwMDAwMDAsInVwZGF0ZSI6MjQwMDAwMDAwMDAwMH19",
          "dependencies": [
            "aws_eip.eip-NAT1",
            "aws_eip.eip-NAT2",
            "aws_iam_instance_profile.wordpress_instance_profile",
            "aws_iam_role.ec2_role",
            "aws_instance.Wordpress_Instance",
            "aws_internet_gateway.InternetGateway",
            "aws_nat_gateway.Nat-Az1",
            "aws_nat_gateway.Nat-Az2",
            "aws_network_acl.nacl",
            "aws_route_table.wp_priv_route_table1",
            "aws_route_table.wp_priv_route_table2",
            "aws_route_table_association.c",
            "aws_route_table_association.d",
            "aws_security_group.bastion-guest",
            "aws_security_group.bastion-host",
            "aws_security_group.lb_sg",
            "aws_subnet.app-subnet-az1",
            "aws_subnet.app-subnet-az2",
            "aws_subnet.public-subnet-az1",
            "aws_subnet.public-subnet-az2",
            "aws_vpc.wordpress",
            "data.aws_ami.ubuntu",
            "data.aws_key_pair.key_pair",
            "time_sleep.wait_300_seconds"
          ]
        }
      ]
    },
    {
      "mode": "managed",
      "type": "aws_autoscaling_group",
      "name": "wordpress_asg",
      "provider": "provider[\"registry.terraform.io/hashicorp/aws\"]",
      "instances": [
        {
          "schema_version": 0,
          "attributes": {
            "arn": "arn:aws:autoscaling:eu-central-1:626205521754:autoScalingGroup:e905f704-06c0-4393-8222-5029c5ccd7e6:autoScalingGroupName/wordpress_asg",
            "availability_zones": [
              "eu-central-1a"
            ],
            "capacity_rebalance": false,
            "default_cooldown": 300,
            "desired_capacity": 1,
            "enabled_metrics": null,
            "force_delete": false,
            "force_delete_warm_pool": false,
            "health_check_grace_period": 300,
            "health_check_type": "ELB",
            "id": "wordpress_asg",
            "initial_lifecycle_hook": [],
            "instance_refresh": [],
            "launch_configuration": "wordpress_config",
            "launch_template": [],
            "load_balancers": null,
            "max_instance_lifetime": 0,
            "max_size": 1,
            "metrics_granularity": "1Minute",
            "min_elb_capacity": null,
            "min_size": 1,
            "mixed_instances_policy": [],
            "name": "wordpress_asg",
            "name_prefix": "",
            "placement_group": "",
            "protect_from_scale_in": false,
            "service_linked_role_arn": "arn:aws:iam::626205521754:role/aws-service-role/autoscaling.amazonaws.com/AWSServiceRoleForAutoScaling",
            "suspended_processes": null,
            "tag": [],
            "tags": null,
            "target_group_arns": [
              "arn:aws:elasticloadbalancing:eu-central-1:626205521754:targetgroup/wp-target-group/7fa4a05aac616f1a"
            ],
            "termination_policies": null,
            "timeouts": null,
            "vpc_zone_identifier": [
              "subnet-0c0eacb44b4401d1e"
            ],
            "wait_for_capacity_timeout": "10m",
            "wait_for_elb_capacity": null,
            "warm_pool": []
          },
          "sensitive_attributes": [],
          "private": "eyJlMmJmYjczMC1lY2FhLTExZTYtOGY4OC0zNDM2M2JjN2M0YzAiOnsiZGVsZXRlIjo2MDAwMDAwMDAwMDB9fQ==",
          "dependencies": [
            "aws_ami_from_instance.ami_wordpress",
            "aws_eip.eip-NAT1",
            "aws_eip.eip-NAT2",
            "aws_iam_instance_profile.wordpress_instance_profile",
            "aws_iam_role.ec2_role",
            "aws_instance.Wordpress_Instance",
            "aws_internet_gateway.InternetGateway",
            "aws_launch_configuration.wordpress_config",
            "aws_lb_target_group.wp-target-group",
            "aws_nat_gateway.Nat-Az1",
            "aws_nat_gateway.Nat-Az2",
            "aws_network_acl.nacl",
            "aws_route_table.wp_priv_route_table1",
            "aws_route_table.wp_priv_route_table2",
            "aws_route_table_association.c",
            "aws_route_table_association.d",
            "aws_security_group.bastion-guest",
            "aws_security_group.bastion-host",
            "aws_security_group.lb_sg",
            "aws_subnet.app-subnet-az1",
            "aws_subnet.app-subnet-az2",
            "aws_subnet.public-subnet-az1",
            "aws_subnet.public-subnet-az2",
            "aws_vpc.wordpress",
            "data.aws_ami.ubuntu",
            "data.aws_key_pair.key_pair",
            "time_sleep.wait_300_seconds"
          ]
        }
      ]
    },
    {
      "mode": "managed",
      "type": "aws_cloudfront_distribution",
      "name": "worpress-cloud-front",
      "provider": "provider[\"registry.terraform.io/hashicorp/aws\"]",
      "instances": [
        {
          "schema_version": 1,
          "attributes": {
            "aliases": null,
            "arn": "arn:aws:cloudfront::626205521754:distribution/ER2S4XLUXDKE9",
            "caller_reference": "terraform-20220207201426105200000002",
            "comment": null,
            "custom_error_response": [],
            "default_cache_behavior": [
              {
                "allowed_methods": [
                  "DELETE",
                  "GET",
                  "HEAD",
                  "OPTIONS",
                  "PATCH",
                  "POST",
                  "PUT"
                ],
                "cache_policy_id": "",
                "cached_methods": [
                  "GET",
                  "HEAD"
                ],
                "compress": false,
                "default_ttl": 3600,
                "field_level_encryption_id": "",
                "forwarded_values": [
                  {
                    "cookies": [
                      {
                        "forward": "none",
                        "whitelisted_names": []
                      }
                    ],
                    "headers": [],
                    "query_string": false,
                    "query_string_cache_keys": []
                  }
                ],
                "function_association": [],
                "lambda_function_association": [],
                "max_ttl": 86400,
                "min_ttl": 0,
                "origin_request_policy_id": "",
                "realtime_log_config_arn": "",
                "response_headers_policy_id": "",
                "smooth_streaming": false,
                "target_origin_id": "web-frontend",
                "trusted_key_groups": [],
                "trusted_signers": [],
                "viewer_protocol_policy": "allow-all"
              }
            ],
            "default_root_object": "",
            "domain_name": "d2y5gjsk1ezv7f.cloudfront.net",
            "enabled": true,
            "etag": "E95MGX35BSDQN",
            "hosted_zone_id": "Z2FDTNDATAQYW2",
            "http_version": "http2",
            "id": "ER2S4XLUXDKE9",
            "in_progress_validation_batches": 0,
            "is_ipv6_enabled": false,
            "last_modified_time": "2022-02-07 20:14:26.843 +0000 UTC",
            "logging_config": [],
            "ordered_cache_behavior": [],
            "origin": [
              {
                "connection_attempts": 3,
                "connection_timeout": 10,
                "custom_header": [],
                "custom_origin_config": [
                  {
                    "http_port": 80,
                    "https_port": 443,
                    "origin_keepalive_timeout": 5,
                    "origin_protocol_policy": "http-only",
                    "origin_read_timeout": 30,
                    "origin_ssl_protocols": [
                      "TLSv1"
                    ]
                  }
                ],
                "domain_name": "wordpress-load-balancer-2059682998.eu-central-1.elb.amazonaws.com",
                "origin_id": "web-frontend",
                "origin_path": "",
                "origin_shield": [],
                "s3_origin_config": []
              }
            ],
            "origin_group": [],
            "price_class": "PriceClass_All",
            "restrictions": [
              {
                "geo_restriction": [
                  {
                    "locations": [],
                    "restriction_type": "none"
                  }
                ]
              }
            ],
            "retain_on_delete": false,
            "status": "Deployed",
            "tags": null,
            "tags_all": {},
            "trusted_key_groups": [
              {
                "enabled": false,
                "items": []
              }
            ],
            "trusted_signers": [
              {
                "enabled": false,
                "items": []
              }
            ],
            "viewer_certificate": [
              {
                "acm_certificate_arn": "",
                "cloudfront_default_certificate": true,
                "iam_certificate_id": "",
                "minimum_protocol_version": "TLSv1",
                "ssl_support_method": ""
              }
            ],
            "wait_for_deployment": true,
            "web_acl_id": ""
          },
          "sensitive_attributes": [],
          "private": "eyJzY2hlbWFfdmVyc2lvbiI6IjEifQ==",
          "dependencies": [
            "aws_ami_from_instance.ami_wordpress",
            "aws_autoscaling_group.wordpress_asg",
            "aws_eip.eip-NAT1",
            "aws_eip.eip-NAT2",
            "aws_iam_instance_profile.wordpress_instance_profile",
            "aws_iam_role.ec2_role",
            "aws_instance.Wordpress_Instance",
            "aws_internet_gateway.InternetGateway",
            "aws_launch_configuration.wordpress_config",
            "aws_lb.wordpress_load_balancer",
            "aws_lb_target_group.wp-target-group",
            "aws_nat_gateway.Nat-Az1",
            "aws_nat_gateway.Nat-Az2",
            "aws_network_acl.nacl",
            "aws_route_table.wp_priv_route_table1",
            "aws_route_table.wp_priv_route_table2",
            "aws_route_table_association.c",
            "aws_route_table_association.d",
            "aws_security_group.bastion-guest",
            "aws_security_group.bastion-host",
            "aws_security_group.lb_sg",
            "aws_subnet.app-subnet-az1",
            "aws_subnet.app-subnet-az2",
            "aws_subnet.public-subnet-az1",
            "aws_subnet.public-subnet-az2",
            "aws_vpc.wordpress",
            "data.aws_ami.ubuntu",
            "data.aws_key_pair.key_pair",
            "time_sleep.wait_300_seconds"
          ]
        }
      ]
    },
    {
      "mode": "managed",
      "type": "aws_efs_file_system",
      "name": "wordpress-efs",
      "provider": "provider[\"registry.terraform.io/hashicorp/aws\"]",
      "instances": [
        {
          "schema_version": 0,
          "attributes": {
            "arn": "arn:aws:elasticfilesystem:eu-central-1:626205521754:file-system/fs-0adb7d06e900457e4",
            "availability_zone_id": "",
            "availability_zone_name": "",
            "creation_token": "wordpress-efs",
            "dns_name": "fs-0adb7d06e900457e4.efs.eu-central-1.amazonaws.com",
            "encrypted": true,
            "id": "fs-0adb7d06e900457e4",
            "kms_key_id": "arn:aws:kms:eu-central-1:626205521754:key/f7771280-5df9-430c-af61-e1fc0af79a0d",
            "lifecycle_policy": [],
            "number_of_mount_targets": 0,
            "owner_id": "626205521754",
            "performance_mode": "generalPurpose",
            "provisioned_throughput_in_mibps": 0,
            "size_in_bytes": [
              {
                "value": 6144,
                "value_in_ia": 0,
                "value_in_standard": 6144
              }
            ],
            "tags": {
              "Name": "wordpress-efs"
            },
            "tags_all": {
              "Name": "wordpress-efs"
            },
            "throughput_mode": "bursting"
          },
          "sensitive_attributes": [],
          "private": "bnVsbA=="
        }
      ]
    },
    {
      "mode": "managed",
      "type": "aws_efs_mount_target",
      "name": "efs-mount-az1",
      "provider": "provider[\"registry.terraform.io/hashicorp/aws\"]",
      "instances": [
        {
          "schema_version": 0,
          "attributes": {
            "availability_zone_id": "euc1-az2",
            "availability_zone_name": "eu-central-1a",
            "dns_name": "fs-0adb7d06e900457e4.efs.eu-central-1.amazonaws.com",
            "file_system_arn": "arn:aws:elasticfilesystem:eu-central-1:626205521754:file-system/fs-0adb7d06e900457e4",
            "file_system_id": "fs-0adb7d06e900457e4",
            "id": "fsmt-0a05b15d113a3f27b",
            "ip_address": "10.0.100.171",
            "mount_target_dns_name": "eu-central-1a.fs-0adb7d06e900457e4.efs.eu-central-1.amazonaws.com",
            "network_interface_id": "eni-060129993426f9f82",
            "owner_id": "626205521754",
            "security_groups": [
              "sg-0d6b1dd5a7f6822df"
            ],
            "subnet_id": "subnet-0da8794e4748b26a5"
          },
          "sensitive_attributes": [],
          "private": "bnVsbA==",
          "dependencies": [
            "aws_efs_file_system.wordpress-efs",
            "aws_security_group.bastion-guest",
            "aws_security_group.bastion-host",
            "aws_security_group.efs",
            "aws_security_group.lb_sg",
            "aws_subnet.data-subnet-az1",
            "aws_vpc.wordpress"
          ]
        }
      ]
    },
    {
      "mode": "managed",
      "type": "aws_efs_mount_target",
      "name": "efs-mount-az2",
      "provider": "provider[\"registry.terraform.io/hashicorp/aws\"]",
      "instances": [
        {
          "schema_version": 0,
          "attributes": {
            "availability_zone_id": "euc1-az3",
            "availability_zone_name": "eu-central-1b",
            "dns_name": "fs-0adb7d06e900457e4.efs.eu-central-1.amazonaws.com",
            "file_system_arn": "arn:aws:elasticfilesystem:eu-central-1:626205521754:file-system/fs-0adb7d06e900457e4",
            "file_system_id": "fs-0adb7d06e900457e4",
            "id": "fsmt-0118963da9843da32",
            "ip_address": "10.0.101.31",
            "mount_target_dns_name": "eu-central-1b.fs-0adb7d06e900457e4.efs.eu-central-1.amazonaws.com",
            "network_interface_id": "eni-0fbc497e41781b596",
            "owner_id": "626205521754",
            "security_groups": [
              "sg-0d6b1dd5a7f6822df"
            ],
            "subnet_id": "subnet-05a8deaf83bdcf574"
          },
          "sensitive_attributes": [],
          "private": "bnVsbA==",
          "dependencies": [
            "aws_efs_file_system.wordpress-efs",
            "aws_security_group.bastion-guest",
            "aws_security_group.bastion-host",
            "aws_security_group.efs",
            "aws_security_group.lb_sg",
            "aws_subnet.data-subnet-az2",
            "aws_vpc.wordpress"
          ]
        }
      ]
    },
    {
      "mode": "managed",
      "type": "aws_eip",
      "name": "eip-NAT1",
      "provider": "provider[\"registry.terraform.io/hashicorp/aws\"]",
      "instances": [
        {
          "schema_version": 0,
          "attributes": {
            "address": null,
            "allocation_id": "eipalloc-03a727f906f0f1661",
            "associate_with_private_ip": null,
            "association_id": "",
            "carrier_ip": "",
            "customer_owned_ip": "",
            "customer_owned_ipv4_pool": "",
            "domain": "vpc",
            "id": "eipalloc-03a727f906f0f1661",
            "instance": "",
            "network_border_group": "eu-central-1",
            "network_interface": "",
            "private_dns": null,
            "private_ip": "",
            "public_dns": "ec2-52-57-125-96.eu-central-1.compute.amazonaws.com",
            "public_ip": "52.57.125.96",
            "public_ipv4_pool": "amazon",
            "tags": null,
            "tags_all": {},
            "timeouts": null,
            "vpc": true
          },
          "sensitive_attributes": [],
          "private": "eyJlMmJmYjczMC1lY2FhLTExZTYtOGY4OC0zNDM2M2JjN2M0YzAiOnsiZGVsZXRlIjoxODAwMDAwMDAwMDAsInJlYWQiOjkwMDAwMDAwMDAwMCwidXBkYXRlIjozMDAwMDAwMDAwMDB9fQ==",
          "dependencies": [
            "aws_internet_gateway.InternetGateway",
            "aws_vpc.wordpress"
          ]
        }
      ]
    },
    {
      "mode": "managed",
      "type": "aws_eip",
      "name": "eip-NAT2",
      "provider": "provider[\"registry.terraform.io/hashicorp/aws\"]",
      "instances": [
        {
          "schema_version": 0,
          "attributes": {
            "address": null,
            "allocation_id": "eipalloc-0cd838b301a4200f5",
            "associate_with_private_ip": null,
            "association_id": "",
            "carrier_ip": "",
            "customer_owned_ip": "",
            "customer_owned_ipv4_pool": "",
            "domain": "vpc",
            "id": "eipalloc-0cd838b301a4200f5",
            "instance": "",
            "network_border_group": "eu-central-1",
            "network_interface": "",
            "private_dns": null,
            "private_ip": "",
            "public_dns": "ec2-18-195-151-167.eu-central-1.compute.amazonaws.com",
            "public_ip": "18.195.151.167",
            "public_ipv4_pool": "amazon",
            "tags": null,
            "tags_all": {},
            "timeouts": null,
            "vpc": true
          },
          "sensitive_attributes": [],
          "private": "eyJlMmJmYjczMC1lY2FhLTExZTYtOGY4OC0zNDM2M2JjN2M0YzAiOnsiZGVsZXRlIjoxODAwMDAwMDAwMDAsInJlYWQiOjkwMDAwMDAwMDAwMCwidXBkYXRlIjozMDAwMDAwMDAwMDB9fQ==",
          "dependencies": [
            "aws_internet_gateway.InternetGateway",
            "aws_vpc.wordpress"
          ]
        }
      ]
    },
    {
      "mode": "managed",
      "type": "aws_iam_instance_profile",
      "name": "wordpress_instance_profile",
      "provider": "provider[\"registry.terraform.io/hashicorp/aws\"]",
      "instances": [
        {
          "schema_version": 0,
          "attributes": {
            "arn": "arn:aws:iam::626205521754:instance-profile/terraform-20220207200052198300000001",
            "create_date": "2022-02-07T20:00:52Z",
            "id": "terraform-20220207200052198300000001",
            "name": "terraform-20220207200052198300000001",
            "name_prefix": null,
            "path": "/",
            "role": "ec2-role",
            "tags": null,
            "tags_all": {},
            "unique_id": "AIPAZDTGB65NB2FXCO6JT"
          },
          "sensitive_attributes": [],
          "private": "bnVsbA==",
          "dependencies": [
            "aws_iam_role.ec2_role"
          ]
        }
      ]
    },
    {
      "mode": "managed",
      "type": "aws_iam_policy",
      "name": "secrets_manager_read_policy",
      "provider": "provider[\"registry.terraform.io/hashicorp/aws\"]",
      "instances": [
        {
          "schema_version": 0,
          "attributes": {
            "arn": "arn:aws:iam::626205521754:policy/secrets_manager_read_policy",
            "description": "policy to allow the ec2 instance to read from the secrets manager",
            "id": "arn:aws:iam::626205521754:policy/secrets_manager_read_policy",
            "name": "secrets_manager_read_policy",
            "name_prefix": null,
            "path": "/",
            "policy": "{\"Statement\":[{\"Action\":[\"secretsmanager:*\"],\"Effect\":\"Allow\",\"Resource\":\"arn:aws:secretsmanager:eu-central-1:626205521754:secret:database-cred-??????\"}],\"Version\":\"2012-10-17\"}",
            "policy_id": "ANPAZDTGB65NKOPNUMTSC",
            "tags": null,
            "tags_all": {}
          },
          "sensitive_attributes": [],
          "private": "bnVsbA=="
        }
      ]
    },
    {
      "mode": "managed",
      "type": "aws_iam_policy_attachment",
      "name": "ec2-policy-attach",
      "provider": "provider[\"registry.terraform.io/hashicorp/aws\"]",
      "instances": [
        {
          "schema_version": 0,
          "attributes": {
            "groups": null,
            "id": "ec2-policy-test-attachment",
            "name": "ec2-policy-test-attachment",
            "policy_arn": "arn:aws:iam::626205521754:policy/secrets_manager_read_policy",
            "roles": [
              "ec2-role"
            ],
            "users": null
          },
          "sensitive_attributes": [],
          "private": "bnVsbA==",
          "dependencies": [
            "aws_iam_policy.secrets_manager_read_policy",
            "aws_iam_role.ec2_role"
          ]
        }
      ]
    },
    {
      "mode": "managed",
      "type": "aws_iam_role",
      "name": "ec2_role",
      "provider": "provider[\"registry.terraform.io/hashicorp/aws\"]",
      "instances": [
        {
          "schema_version": 0,
          "attributes": {
            "arn": "arn:aws:iam::626205521754:role/ec2-role",
            "assume_role_policy": "{\"Version\":\"2012-10-17\",\"Statement\":[{\"Sid\":\"\",\"Effect\":\"Allow\",\"Principal\":{\"Service\":\"ec2.amazonaws.com\"},\"Action\":\"sts:AssumeRole\"}]}",
            "create_date": "2022-02-07T20:00:49Z",
            "description": "",
            "force_detach_policies": false,
            "id": "ec2-role",
            "inline_policy": [
              {
                "name": "",
                "policy": ""
              }
            ],
            "managed_policy_arns": [],
            "max_session_duration": 3600,
            "name": "ec2-role",
            "name_prefix": "",
            "path": "/",
            "permissions_boundary": null,
            "tags": null,
            "tags_all": {},
            "unique_id": "AROAZDTGB65NKQAGZPMGB"
          },
          "sensitive_attributes": [],
          "private": "bnVsbA=="
        }
      ]
    },
    {
      "mode": "managed",
      "type": "aws_instance",
      "name": "Bastion",
      "provider": "provider[\"registry.terraform.io/hashicorp/aws\"]",
      "instances": [
        {
          "schema_version": 1,
          "attributes": {
            "ami": "ami-05b308c240ae70bb6",
            "arn": "arn:aws:ec2:eu-central-1:626205521754:instance/i-0540d028dbea3014e",
            "associate_public_ip_address": true,
            "availability_zone": "eu-central-1a",
            "capacity_reservation_specification": [
              {
                "capacity_reservation_preference": "open",
                "capacity_reservation_target": []
              }
            ],
            "cpu_core_count": 1,
            "cpu_threads_per_core": 1,
            "credit_specification": [
              {
                "cpu_credits": "standard"
              }
            ],
            "disable_api_termination": false,
            "ebs_block_device": [],
            "ebs_optimized": false,
            "enclave_options": [
              {
                "enabled": false
              }
            ],
            "ephemeral_block_device": [],
            "get_password_data": false,
            "hibernation": false,
            "host_id": null,
            "iam_instance_profile": "",
            "id": "i-0540d028dbea3014e",
            "instance_initiated_shutdown_behavior": "stop",
            "instance_state": "running",
            "instance_type": "t2.micro",
            "ipv6_address_count": 0,
            "ipv6_addresses": [],
            "key_name": "Wordpress",
            "launch_template": [],
            "metadata_options": [
              {
                "http_endpoint": "enabled",
                "http_put_response_hop_limit": 1,
                "http_tokens": "optional",
                "instance_metadata_tags": "disabled"
              }
            ],
            "monitoring": false,
            "network_interface": [],
            "outpost_arn": "",
            "password_data": "",
            "placement_group": "",
            "placement_partition_number": null,
            "primary_network_interface_id": "eni-00fb18e03e3ed1ac7",
            "private_dns": "ip-10-0-200-122.eu-central-1.compute.internal",
            "private_ip": "10.0.200.122",
            "public_dns": "",
            "public_ip": "3.68.213.81",
            "root_block_device": [
              {
                "delete_on_termination": true,
                "device_name": "/dev/sda1",
                "encrypted": false,
                "iops": 100,
                "kms_key_id": "",
                "tags": {},
                "throughput": 0,
                "volume_id": "vol-0bafeb0255b24bde2",
                "volume_size": 8,
                "volume_type": "gp2"
              }
            ],
            "secondary_private_ips": [],
            "security_groups": [],
            "source_dest_check": true,
            "subnet_id": "subnet-0315a2896974323e2",
            "tags": {
              "Name": "Bastion"
            },
            "tags_all": {
              "Name": "Bastion"
            },
            "tenancy": "default",
            "timeouts": null,
            "user_data": null,
            "user_data_base64": null,
            "volume_tags": null,
            "vpc_security_group_ids": [
              "sg-01d743e72a9259070"
            ]
          },
          "sensitive_attributes": [],
          "private": "eyJlMmJmYjczMC1lY2FhLTExZTYtOGY4OC0zNDM2M2JjN2M0YzAiOnsiY3JlYXRlIjo2MDAwMDAwMDAwMDAsImRlbGV0ZSI6MTIwMDAwMDAwMDAwMCwidXBkYXRlIjo2MDAwMDAwMDAwMDB9LCJzY2hlbWFfdmVyc2lvbiI6IjEifQ==",
          "dependencies": [
            "aws_security_group.bastion-host",
            "aws_subnet.public-subnet-az1",
            "aws_vpc.wordpress",
            "data.aws_ami.ubuntu",
            "data.aws_key_pair.key_pair"
          ]
        }
      ]
    },
    {
      "mode": "managed",
      "type": "aws_instance",
      "name": "Wordpress_Instance",
      "provider": "provider[\"registry.terraform.io/hashicorp/aws\"]",
      "instances": [
        {
          "schema_version": 1,
          "attributes": {
            "ami": "ami-05b308c240ae70bb6",
            "arn": "arn:aws:ec2:eu-central-1:626205521754:instance/i-0e166b913b48e6160",
            "associate_public_ip_address": false,
            "availability_zone": "eu-central-1a",
            "capacity_reservation_specification": [
              {
                "capacity_reservation_preference": "open",
                "capacity_reservation_target": []
              }
            ],
            "cpu_core_count": 1,
            "cpu_threads_per_core": 1,
            "credit_specification": [
              {
                "cpu_credits": "standard"
              }
            ],
            "disable_api_termination": false,
            "ebs_block_device": [],
            "ebs_optimized": false,
            "enclave_options": [
              {
                "enabled": false
              }
            ],
            "ephemeral_block_device": [],
            "get_password_data": false,
            "hibernation": false,
            "host_id": null,
            "iam_instance_profile": "terraform-20220207200052198300000001",
            "id": "i-0e166b913b48e6160",
            "instance_initiated_shutdown_behavior": "stop",
            "instance_state": "running",
            "instance_type": "t2.micro",
            "ipv6_address_count": 0,
            "ipv6_addresses": [],
            "key_name": "Wordpress",
            "launch_template": [],
            "metadata_options": [
              {
                "http_endpoint": "enabled",
                "http_put_response_hop_limit": 1,
                "http_tokens": "optional",
                "instance_metadata_tags": "disabled"
              }
            ],
            "monitoring": false,
            "network_interface": [],
            "outpost_arn": "",
            "password_data": "",
            "placement_group": "",
            "placement_partition_number": null,
            "primary_network_interface_id": "eni-02c8944eb50e9d267",
            "private_dns": "ip-10-0-3-105.eu-central-1.compute.internal",
            "private_ip": "10.0.3.105",
            "public_dns": "",
            "public_ip": "",
            "root_block_device": [
              {
                "delete_on_termination": true,
                "device_name": "/dev/sda1",
                "encrypted": false,
                "iops": 100,
                "kms_key_id": "",
                "tags": {},
                "throughput": 0,
                "volume_id": "vol-0de6b1f3cd2e16d09",
                "volume_size": 8,
                "volume_type": "gp2"
              }
            ],
            "secondary_private_ips": [],
            "security_groups": [],
            "source_dest_check": true,
            "subnet_id": "subnet-0c0eacb44b4401d1e",
            "tags": {
              "Name": "Wordpress_Instance"
            },
            "tags_all": {
              "Name": "Wordpress_Instance"
            },
            "tenancy": "default",
            "timeouts": null,
            "user_data": "6e021c49d016cbdcd2831a8fa089811ad24dba0c",
            "user_data_base64": null,
            "volume_tags": null,
            "vpc_security_group_ids": [
              "sg-0bd9c4f7b1e7666ea"
            ]
          },
          "sensitive_attributes": [],
          "private": "eyJlMmJmYjczMC1lY2FhLTExZTYtOGY4OC0zNDM2M2JjN2M0YzAiOnsiY3JlYXRlIjo2MDAwMDAwMDAwMDAsImRlbGV0ZSI6MTIwMDAwMDAwMDAwMCwidXBkYXRlIjo2MDAwMDAwMDAwMDB9LCJzY2hlbWFfdmVyc2lvbiI6IjEifQ==",
          "dependencies": [
            "aws_eip.eip-NAT1",
            "aws_eip.eip-NAT2",
            "aws_iam_instance_profile.wordpress_instance_profile",
            "aws_iam_role.ec2_role",
            "aws_internet_gateway.InternetGateway",
            "aws_nat_gateway.Nat-Az1",
            "aws_nat_gateway.Nat-Az2",
            "aws_network_acl.nacl",
            "aws_route_table.wp_priv_route_table1",
            "aws_route_table.wp_priv_route_table2",
            "aws_route_table_association.c",
            "aws_route_table_association.d",
            "aws_security_group.bastion-guest",
            "aws_security_group.bastion-host",
            "aws_security_group.lb_sg",
            "aws_subnet.app-subnet-az1",
            "aws_subnet.app-subnet-az2",
            "aws_subnet.public-subnet-az1",
            "aws_subnet.public-subnet-az2",
            "aws_vpc.wordpress",
            "data.aws_ami.ubuntu",
            "data.aws_key_pair.key_pair"
          ]
        }
      ]
    },
    {
      "mode": "managed",
      "type": "aws_internet_gateway",
      "name": "InternetGateway",
      "provider": "provider[\"registry.terraform.io/hashicorp/aws\"]",
      "instances": [
        {
          "schema_version": 0,
          "attributes": {
            "arn": "arn:aws:ec2:eu-central-1:626205521754:internet-gateway/igw-0f949ab75e0e63d4f",
            "id": "igw-0f949ab75e0e63d4f",
            "owner_id": "626205521754",
            "tags": {
              "Name": "wordpressInternetGateway"
            },
            "tags_all": {
              "Name": "wordpressInternetGateway"
            },
            "vpc_id": "vpc-07f426f9f0ee673ad"
          },
          "sensitive_attributes": [],
          "private": "bnVsbA==",
          "dependencies": [
            "aws_vpc.wordpress"
          ]
        }
      ]
    },
    {
      "mode": "managed",
      "type": "aws_launch_configuration",
      "name": "wordpress_config",
      "provider": "provider[\"registry.terraform.io/hashicorp/aws\"]",
      "instances": [
        {
          "schema_version": 0,
          "attributes": {
            "arn": "arn:aws:autoscaling:eu-central-1:626205521754:launchConfiguration:a617774e-3f5f-4157-83fa-4163c49cf88a:launchConfigurationName/wordpress_config",
            "associate_public_ip_address": false,
            "ebs_block_device": [],
            "ebs_optimized": false,
            "enable_monitoring": true,
            "ephemeral_block_device": [],
            "iam_instance_profile": "",
            "id": "wordpress_config",
            "image_id": "ami-0f3a0264f8d9abbe7",
            "instance_type": "t2.micro",
            "key_name": "Wordpress",
            "metadata_options": [],
            "name": "wordpress_config",
            "name_prefix": "",
            "placement_tenancy": null,
            "root_block_device": [],
            "security_groups": [
              "sg-0bd9c4f7b1e7666ea"
            ],
            "spot_price": "",
            "user_data": null,
            "user_data_base64": null,
            "vpc_classic_link_id": "",
            "vpc_classic_link_security_groups": null
          },
          "sensitive_attributes": [],
          "private": "bnVsbA==",
          "dependencies": [
            "aws_ami_from_instance.ami_wordpress",
            "aws_eip.eip-NAT1",
            "aws_eip.eip-NAT2",
            "aws_iam_instance_profile.wordpress_instance_profile",
            "aws_iam_role.ec2_role",
            "aws_instance.Wordpress_Instance",
            "aws_internet_gateway.InternetGateway",
            "aws_nat_gateway.Nat-Az1",
            "aws_nat_gateway.Nat-Az2",
            "aws_network_acl.nacl",
            "aws_route_table.wp_priv_route_table1",
            "aws_route_table.wp_priv_route_table2",
            "aws_route_table_association.c",
            "aws_route_table_association.d",
            "aws_security_group.bastion-guest",
            "aws_security_group.bastion-host",
            "aws_security_group.lb_sg",
            "aws_subnet.app-subnet-az1",
            "aws_subnet.app-subnet-az2",
            "aws_subnet.public-subnet-az1",
            "aws_subnet.public-subnet-az2",
            "aws_vpc.wordpress",
            "data.aws_ami.ubuntu",
            "data.aws_key_pair.key_pair",
            "time_sleep.wait_300_seconds"
          ]
        }
      ]
    },
    {
      "mode": "managed",
      "type": "aws_lb",
      "name": "wordpress_load_balancer",
      "provider": "provider[\"registry.terraform.io/hashicorp/aws\"]",
      "instances": [
        {
          "schema_version": 0,
          "attributes": {
            "access_logs": [
              {
                "bucket": "",
                "enabled": false,
                "prefix": ""
              }
            ],
            "arn": "arn:aws:elasticloadbalancing:eu-central-1:626205521754:loadbalancer/app/wordpress-load-balancer/6ac6a01cd42787f4",
            "arn_suffix": "app/wordpress-load-balancer/6ac6a01cd42787f4",
            "customer_owned_ipv4_pool": "",
            "desync_mitigation_mode": "defensive",
            "dns_name": "wordpress-load-balancer-2059682998.eu-central-1.elb.amazonaws.com",
            "drop_invalid_header_fields": false,
            "enable_cross_zone_load_balancing": null,
            "enable_deletion_protection": false,
            "enable_http2": true,
            "enable_waf_fail_open": false,
            "id": "arn:aws:elasticloadbalancing:eu-central-1:626205521754:loadbalancer/app/wordpress-load-balancer/6ac6a01cd42787f4",
            "idle_timeout": 60,
            "internal": false,
            "ip_address_type": "ipv4",
            "load_balancer_type": "application",
            "name": "wordpress-load-balancer",
            "name_prefix": null,
            "security_groups": [
              "sg-04aa93a555e4c025b"
            ],
            "subnet_mapping": [
              {
                "allocation_id": "",
                "ipv6_address": "",
                "outpost_id": "",
                "private_ipv4_address": "",
                "subnet_id": "subnet-02a3da0f6544a9cb8"
              },
              {
                "allocation_id": "",
                "ipv6_address": "",
                "outpost_id": "",
                "private_ipv4_address": "",
                "subnet_id": "subnet-0315a2896974323e2"
              }
            ],
            "subnets": [
              "subnet-02a3da0f6544a9cb8",
              "subnet-0315a2896974323e2"
            ],
            "tags": {
              "Environment": "production"
            },
            "tags_all": {
              "Environment": "production"
            },
            "timeouts": null,
            "vpc_id": "vpc-07f426f9f0ee673ad",
            "zone_id": "Z215JYRZR1TBD5"
          },
          "sensitive_attributes": [],
          "private": "eyJlMmJmYjczMC1lY2FhLTExZTYtOGY4OC0zNDM2M2JjN2M0YzAiOnsiY3JlYXRlIjo2MDAwMDAwMDAwMDAsImRlbGV0ZSI6NjAwMDAwMDAwMDAwLCJ1cGRhdGUiOjYwMDAwMDAwMDAwMH19",
          "dependencies": [
            "aws_ami_from_instance.ami_wordpress",
            "aws_autoscaling_group.wordpress_asg",
            "aws_eip.eip-NAT1",
            "aws_eip.eip-NAT2",
            "aws_iam_instance_profile.wordpress_instance_profile",
            "aws_iam_role.ec2_role",
            "aws_instance.Wordpress_Instance",
            "aws_internet_gateway.InternetGateway",
            "aws_launch_configuration.wordpress_config",
            "aws_lb_target_group.wp-target-group",
            "aws_nat_gateway.Nat-Az1",
            "aws_nat_gateway.Nat-Az2",
            "aws_network_acl.nacl",
            "aws_route_table.wp_priv_route_table1",
            "aws_route_table.wp_priv_route_table2",
            "aws_route_table_association.c",
            "aws_route_table_association.d",
            "aws_security_group.bastion-guest",
            "aws_security_group.bastion-host",
            "aws_security_group.lb_sg",
            "aws_subnet.app-subnet-az1",
            "aws_subnet.app-subnet-az2",
            "aws_subnet.public-subnet-az1",
            "aws_subnet.public-subnet-az2",
            "aws_vpc.wordpress",
            "data.aws_ami.ubuntu",
            "data.aws_key_pair.key_pair",
            "time_sleep.wait_300_seconds"
          ]
        }
      ]
    },
    {
      "mode": "managed",
      "type": "aws_lb_listener",
      "name": "front_end",
      "provider": "provider[\"registry.terraform.io/hashicorp/aws\"]",
      "instances": [
        {
          "schema_version": 0,
          "attributes": {
            "alpn_policy": null,
            "arn": "arn:aws:elasticloadbalancing:eu-central-1:626205521754:listener/app/wordpress-load-balancer/6ac6a01cd42787f4/4858f15ed08e2cec",
            "certificate_arn": null,
            "default_action": [
              {
                "authenticate_cognito": [],
                "authenticate_oidc": [],
                "fixed_response": [],
                "forward": [],
                "order": 1,
                "redirect": [],
                "target_group_arn": "arn:aws:elasticloadbalancing:eu-central-1:626205521754:targetgroup/wp-target-group/7fa4a05aac616f1a",
                "type": "forward"
              }
            ],
            "id": "arn:aws:elasticloadbalancing:eu-central-1:626205521754:listener/app/wordpress-load-balancer/6ac6a01cd42787f4/4858f15ed08e2cec",
            "load_balancer_arn": "arn:aws:elasticloadbalancing:eu-central-1:626205521754:loadbalancer/app/wordpress-load-balancer/6ac6a01cd42787f4",
            "port": 80,
            "protocol": "HTTP",
            "ssl_policy": "",
            "tags": null,
            "tags_all": {},
            "timeouts": null
          },
          "sensitive_attributes": [],
          "private": "eyJlMmJmYjczMC1lY2FhLTExZTYtOGY4OC0zNDM2M2JjN2M0YzAiOnsicmVhZCI6NjAwMDAwMDAwMDAwfX0=",
          "dependencies": [
            "aws_ami_from_instance.ami_wordpress",
            "aws_autoscaling_group.wordpress_asg",
            "aws_eip.eip-NAT1",
            "aws_eip.eip-NAT2",
            "aws_iam_instance_profile.wordpress_instance_profile",
            "aws_iam_role.ec2_role",
            "aws_instance.Wordpress_Instance",
            "aws_internet_gateway.InternetGateway",
            "aws_launch_configuration.wordpress_config",
            "aws_lb.wordpress_load_balancer",
            "aws_lb_target_group.wp-target-group",
            "aws_nat_gateway.Nat-Az1",
            "aws_nat_gateway.Nat-Az2",
            "aws_network_acl.nacl",
            "aws_route_table.wp_priv_route_table1",
            "aws_route_table.wp_priv_route_table2",
            "aws_route_table_association.c",
            "aws_route_table_association.d",
            "aws_security_group.bastion-guest",
            "aws_security_group.bastion-host",
            "aws_security_group.lb_sg",
            "aws_subnet.app-subnet-az1",
            "aws_subnet.app-subnet-az2",
            "aws_subnet.public-subnet-az1",
            "aws_subnet.public-subnet-az2",
            "aws_vpc.wordpress",
            "data.aws_ami.ubuntu",
            "data.aws_key_pair.key_pair",
            "time_sleep.wait_300_seconds"
          ]
        }
      ]
    },
    {
      "mode": "managed",
      "type": "aws_lb_target_group",
      "name": "wp-target-group",
      "provider": "provider[\"registry.terraform.io/hashicorp/aws\"]",
      "instances": [
        {
          "schema_version": 0,
          "attributes": {
            "arn": "arn:aws:elasticloadbalancing:eu-central-1:626205521754:targetgroup/wp-target-group/7fa4a05aac616f1a",
            "arn_suffix": "targetgroup/wp-target-group/7fa4a05aac616f1a",
            "connection_termination": false,
            "deregistration_delay": "300",
            "health_check": [
              {
                "enabled": true,
                "healthy_threshold": 5,
                "interval": 30,
                "matcher": "200",
                "path": "/",
                "port": "traffic-port",
                "protocol": "HTTP",
                "timeout": 5,
                "unhealthy_threshold": 2
              }
            ],
            "id": "arn:aws:elasticloadbalancing:eu-central-1:626205521754:targetgroup/wp-target-group/7fa4a05aac616f1a",
            "lambda_multi_value_headers_enabled": false,
            "load_balancing_algorithm_type": "round_robin",
            "name": "wp-target-group",
            "name_prefix": null,
            "port": 80,
            "preserve_client_ip": null,
            "protocol": "HTTP",
            "protocol_version": "HTTP1",
            "proxy_protocol_v2": false,
            "slow_start": 0,
            "stickiness": [
              {
                "cookie_duration": 86400,
                "cookie_name": "",
                "enabled": false,
                "type": "lb_cookie"
              }
            ],
            "tags": null,
            "tags_all": {},
            "target_type": "instance",
            "vpc_id": "vpc-07f426f9f0ee673ad"
          },
          "sensitive_attributes": [],
          "private": "bnVsbA==",
          "dependencies": [
            "aws_vpc.wordpress"
          ]
        }
      ]
    },
    {
      "mode": "managed",
      "type": "aws_nat_gateway",
      "name": "Nat-Az1",
      "provider": "provider[\"registry.terraform.io/hashicorp/aws\"]",
      "instances": [
        {
          "schema_version": 0,
          "attributes": {
            "allocation_id": "eipalloc-03a727f906f0f1661",
            "connectivity_type": "public",
            "id": "nat-0f20e576ea2a5312b",
            "network_interface_id": "eni-0ad9208810ca76b04",
            "private_ip": "10.0.200.179",
            "public_ip": "52.57.125.96",
            "subnet_id": "subnet-0315a2896974323e2",
            "tags": {
              "Name": "Wordpress-Nat-Az1"
            },
            "tags_all": {
              "Name": "Wordpress-Nat-Az1"
            }
          },
          "sensitive_attributes": [],
          "private": "bnVsbA==",
          "dependencies": [
            "aws_eip.eip-NAT1",
            "aws_internet_gateway.InternetGateway",
            "aws_subnet.public-subnet-az1",
            "aws_vpc.wordpress"
          ]
        }
      ]
    },
    {
      "mode": "managed",
      "type": "aws_nat_gateway",
      "name": "Nat-Az2",
      "provider": "provider[\"registry.terraform.io/hashicorp/aws\"]",
      "instances": [
        {
          "schema_version": 0,
          "attributes": {
            "allocation_id": "eipalloc-0cd838b301a4200f5",
            "connectivity_type": "public",
            "id": "nat-019fc79ad06f5a74b",
            "network_interface_id": "eni-0796ee890c91965f1",
            "private_ip": "10.0.201.245",
            "public_ip": "18.195.151.167",
            "subnet_id": "subnet-02a3da0f6544a9cb8",
            "tags": {
              "Name": "Wordpress-Nat-Az2"
            },
            "tags_all": {
              "Name": "Wordpress-Nat-Az2"
            }
          },
          "sensitive_attributes": [],
          "private": "bnVsbA==",
          "dependencies": [
            "aws_eip.eip-NAT2",
            "aws_internet_gateway.InternetGateway",
            "aws_subnet.public-subnet-az2",
            "aws_vpc.wordpress"
          ]
        }
      ]
    },
    {
      "mode": "managed",
      "type": "aws_network_acl",
      "name": "nacl",
      "provider": "provider[\"registry.terraform.io/hashicorp/aws\"]",
      "instances": [
        {
          "schema_version": 0,
          "attributes": {
            "arn": "arn:aws:ec2:eu-central-1:626205521754:network-acl/acl-03b14d9c03580a1e2",
            "egress": [
              {
                "action": "allow",
                "cidr_block": "0.0.0.0/0",
                "from_port": 0,
                "icmp_code": null,
                "icmp_type": null,
                "ipv6_cidr_block": "",
                "protocol": "-1",
                "rule_no": 200,
                "to_port": 0
              }
            ],
            "id": "acl-03b14d9c03580a1e2",
            "ingress": [
              {
                "action": "allow",
                "cidr_block": "0.0.0.0/0",
                "from_port": 0,
                "icmp_code": null,
                "icmp_type": null,
                "ipv6_cidr_block": "",
                "protocol": "-1",
                "rule_no": 100,
                "to_port": 0
              }
            ],
            "owner_id": "626205521754",
            "subnet_ids": [],
            "tags": {
              "Name": "wordpress"
            },
            "tags_all": {
              "Name": "wordpress"
            },
            "vpc_id": "vpc-07f426f9f0ee673ad"
          },
          "sensitive_attributes": [],
          "private": "bnVsbA==",
          "dependencies": [
            "aws_vpc.wordpress"
          ]
        }
      ]
    },
    {
      "mode": "managed",
      "type": "aws_route53_record",
      "name": "a-record",
      "provider": "provider[\"registry.terraform.io/hashicorp/aws\"]",
      "instances": [
        {
          "schema_version": 2,
          "attributes": {
            "alias": [
              {
                "evaluate_target_health": true,
                "name": "d2y5gjsk1ezv7f.cloudfront.net",
                "zone_id": "Z2FDTNDATAQYW2"
              }
            ],
            "allow_overwrite": null,
            "failover_routing_policy": [],
            "fqdn": "cloudchaser.live",
            "geolocation_routing_policy": [],
            "health_check_id": null,
            "id": "Z03228521HTLRMBV541H0_cloudchaser.live_A",
            "latency_routing_policy": [],
            "multivalue_answer_routing_policy": null,
            "name": "cloudchaser.live",
            "records": null,
            "set_identifier": null,
            "ttl": null,
            "type": "A",
            "weighted_routing_policy": [],
            "zone_id": "Z03228521HTLRMBV541H0"
          },
          "sensitive_attributes": [],
          "private": "eyJzY2hlbWFfdmVyc2lvbiI6IjIifQ==",
          "dependencies": [
            "aws_ami_from_instance.ami_wordpress",
            "aws_autoscaling_group.wordpress_asg",
            "aws_cloudfront_distribution.worpress-cloud-front",
            "aws_eip.eip-NAT1",
            "aws_eip.eip-NAT2",
            "aws_iam_instance_profile.wordpress_instance_profile",
            "aws_iam_role.ec2_role",
            "aws_instance.Wordpress_Instance",
            "aws_internet_gateway.InternetGateway",
            "aws_launch_configuration.wordpress_config",
            "aws_lb.wordpress_load_balancer",
            "aws_lb_target_group.wp-target-group",
            "aws_nat_gateway.Nat-Az1",
            "aws_nat_gateway.Nat-Az2",
            "aws_network_acl.nacl",
            "aws_route_table.wp_priv_route_table1",
            "aws_route_table.wp_priv_route_table2",
            "aws_route_table_association.c",
            "aws_route_table_association.d",
            "aws_security_group.bastion-guest",
            "aws_security_group.bastion-host",
            "aws_security_group.lb_sg",
            "aws_subnet.app-subnet-az1",
            "aws_subnet.app-subnet-az2",
            "aws_subnet.public-subnet-az1",
            "aws_subnet.public-subnet-az2",
            "aws_vpc.wordpress",
            "data.aws_ami.ubuntu",
            "data.aws_key_pair.key_pair",
            "data.aws_route53_zone.selected",
            "time_sleep.wait_300_seconds"
          ]
        }
      ]
    },
    {
      "mode": "managed",
      "type": "aws_route_table",
      "name": "wp_priv_route_table1",
      "provider": "provider[\"registry.terraform.io/hashicorp/aws\"]",
      "instances": [
        {
          "schema_version": 0,
          "attributes": {
            "arn": "arn:aws:ec2:eu-central-1:626205521754:route-table/rtb-0e5db1b1263260f6b",
            "id": "rtb-0e5db1b1263260f6b",
            "owner_id": "626205521754",
            "propagating_vgws": [],
            "route": [
              {
                "carrier_gateway_id": "",
                "cidr_block": "0.0.0.0/0",
                "destination_prefix_list_id": "",
                "egress_only_gateway_id": "",
                "gateway_id": "",
                "instance_id": "",
                "ipv6_cidr_block": "",
                "local_gateway_id": "",
                "nat_gateway_id": "nat-0f20e576ea2a5312b",
                "network_interface_id": "",
                "transit_gateway_id": "",
                "vpc_endpoint_id": "",
                "vpc_peering_connection_id": ""
              }
            ],
            "tags": {
              "Name": "wordpress"
            },
            "tags_all": {
              "Name": "wordpress"
            },
            "timeouts": null,
            "vpc_id": "vpc-07f426f9f0ee673ad"
          },
          "sensitive_attributes": [],
          "private": "eyJlMmJmYjczMC1lY2FhLTExZTYtOGY4OC0zNDM2M2JjN2M0YzAiOnsiY3JlYXRlIjozMDAwMDAwMDAwMDAsImRlbGV0ZSI6MzAwMDAwMDAwMDAwLCJ1cGRhdGUiOjEyMDAwMDAwMDAwMH19",
          "dependencies": [
            "aws_eip.eip-NAT1",
            "aws_internet_gateway.InternetGateway",
            "aws_nat_gateway.Nat-Az1",
            "aws_subnet.public-subnet-az1",
            "aws_vpc.wordpress"
          ]
        }
      ]
    },
    {
      "mode": "managed",
      "type": "aws_route_table",
      "name": "wp_priv_route_table2",
      "provider": "provider[\"registry.terraform.io/hashicorp/aws\"]",
      "instances": [
        {
          "schema_version": 0,
          "attributes": {
            "arn": "arn:aws:ec2:eu-central-1:626205521754:route-table/rtb-0eca8474b9db4ed97",
            "id": "rtb-0eca8474b9db4ed97",
            "owner_id": "626205521754",
            "propagating_vgws": [],
            "route": [
              {
                "carrier_gateway_id": "",
                "cidr_block": "0.0.0.0/0",
                "destination_prefix_list_id": "",
                "egress_only_gateway_id": "",
                "gateway_id": "",
                "instance_id": "",
                "ipv6_cidr_block": "",
                "local_gateway_id": "",
                "nat_gateway_id": "nat-019fc79ad06f5a74b",
                "network_interface_id": "",
                "transit_gateway_id": "",
                "vpc_endpoint_id": "",
                "vpc_peering_connection_id": ""
              }
            ],
            "tags": {
              "Name": "wordpress"
            },
            "tags_all": {
              "Name": "wordpress"
            },
            "timeouts": null,
            "vpc_id": "vpc-07f426f9f0ee673ad"
          },
          "sensitive_attributes": [],
          "private": "eyJlMmJmYjczMC1lY2FhLTExZTYtOGY4OC0zNDM2M2JjN2M0YzAiOnsiY3JlYXRlIjozMDAwMDAwMDAwMDAsImRlbGV0ZSI6MzAwMDAwMDAwMDAwLCJ1cGRhdGUiOjEyMDAwMDAwMDAwMH19",
          "dependencies": [
            "aws_eip.eip-NAT2",
            "aws_internet_gateway.InternetGateway",
            "aws_nat_gateway.Nat-Az2",
            "aws_subnet.public-subnet-az2",
            "aws_vpc.wordpress"
          ]
        }
      ]
    },
    {
      "mode": "managed",
      "type": "aws_route_table",
      "name": "wp_pub_route_table",
      "provider": "provider[\"registry.terraform.io/hashicorp/aws\"]",
      "instances": [
        {
          "schema_version": 0,
          "attributes": {
            "arn": "arn:aws:ec2:eu-central-1:626205521754:route-table/rtb-010c429dd181abde3",
            "id": "rtb-010c429dd181abde3",
            "owner_id": "626205521754",
            "propagating_vgws": [],
            "route": [
              {
                "carrier_gateway_id": "",
                "cidr_block": "0.0.0.0/0",
                "destination_prefix_list_id": "",
                "egress_only_gateway_id": "",
                "gateway_id": "igw-0f949ab75e0e63d4f",
                "instance_id": "",
                "ipv6_cidr_block": "",
                "local_gateway_id": "",
                "nat_gateway_id": "",
                "network_interface_id": "",
                "transit_gateway_id": "",
                "vpc_endpoint_id": "",
                "vpc_peering_connection_id": ""
              }
            ],
            "tags": {
              "Name": "wordpress"
            },
            "tags_all": {
              "Name": "wordpress"
            },
            "timeouts": null,
            "vpc_id": "vpc-07f426f9f0ee673ad"
          },
          "sensitive_attributes": [],
          "private": "eyJlMmJmYjczMC1lY2FhLTExZTYtOGY4OC0zNDM2M2JjN2M0YzAiOnsiY3JlYXRlIjozMDAwMDAwMDAwMDAsImRlbGV0ZSI6MzAwMDAwMDAwMDAwLCJ1cGRhdGUiOjEyMDAwMDAwMDAwMH19",
          "dependencies": [
            "aws_internet_gateway.InternetGateway",
            "aws_vpc.wordpress"
          ]
        }
      ]
    },
    {
      "mode": "managed",
      "type": "aws_route_table_association",
      "name": "a",
      "provider": "provider[\"registry.terraform.io/hashicorp/aws\"]",
      "instances": [
        {
          "schema_version": 0,
          "attributes": {
            "gateway_id": "",
            "id": "rtbassoc-09e5fad4a3b79b861",
            "route_table_id": "rtb-010c429dd181abde3",
            "subnet_id": "subnet-0315a2896974323e2"
          },
          "sensitive_attributes": [],
          "private": "bnVsbA==",
          "dependencies": [
            "aws_internet_gateway.InternetGateway",
            "aws_route_table.wp_pub_route_table",
            "aws_subnet.public-subnet-az1",
            "aws_vpc.wordpress"
          ]
        }
      ]
    },
    {
      "mode": "managed",
      "type": "aws_route_table_association",
      "name": "b",
      "provider": "provider[\"registry.terraform.io/hashicorp/aws\"]",
      "instances": [
        {
          "schema_version": 0,
          "attributes": {
            "gateway_id": "",
            "id": "rtbassoc-03de1f3cdf397a256",
            "route_table_id": "rtb-010c429dd181abde3",
            "subnet_id": "subnet-02a3da0f6544a9cb8"
          },
          "sensitive_attributes": [],
          "private": "bnVsbA==",
          "dependencies": [
            "aws_internet_gateway.InternetGateway",
            "aws_route_table.wp_pub_route_table",
            "aws_subnet.public-subnet-az2",
            "aws_vpc.wordpress"
          ]
        }
      ]
    },
    {
      "mode": "managed",
      "type": "aws_route_table_association",
      "name": "c",
      "provider": "provider[\"registry.terraform.io/hashicorp/aws\"]",
      "instances": [
        {
          "schema_version": 0,
          "attributes": {
            "gateway_id": "",
            "id": "rtbassoc-03e7c45909796a60a",
            "route_table_id": "rtb-0e5db1b1263260f6b",
            "subnet_id": "subnet-0c0eacb44b4401d1e"
          },
          "sensitive_attributes": [],
          "private": "bnVsbA==",
          "dependencies": [
            "aws_eip.eip-NAT1",
            "aws_internet_gateway.InternetGateway",
            "aws_nat_gateway.Nat-Az1",
            "aws_route_table.wp_priv_route_table1",
            "aws_subnet.app-subnet-az1",
            "aws_subnet.public-subnet-az1",
            "aws_vpc.wordpress"
          ]
        }
      ]
    },
    {
      "mode": "managed",
      "type": "aws_route_table_association",
      "name": "d",
      "provider": "provider[\"registry.terraform.io/hashicorp/aws\"]",
      "instances": [
        {
          "schema_version": 0,
          "attributes": {
            "gateway_id": "",
            "id": "rtbassoc-0882492b5bdb72706",
            "route_table_id": "rtb-0eca8474b9db4ed97",
            "subnet_id": "subnet-025df943761c683c4"
          },
          "sensitive_attributes": [],
          "private": "bnVsbA==",
          "dependencies": [
            "aws_eip.eip-NAT2",
            "aws_internet_gateway.InternetGateway",
            "aws_nat_gateway.Nat-Az2",
            "aws_route_table.wp_priv_route_table2",
            "aws_subnet.app-subnet-az2",
            "aws_subnet.public-subnet-az2",
            "aws_vpc.wordpress"
          ]
        }
      ]
    },
    {
      "mode": "managed",
      "type": "aws_route_table_association",
      "name": "e",
      "provider": "provider[\"registry.terraform.io/hashicorp/aws\"]",
      "instances": [
        {
          "schema_version": 0,
          "attributes": {
            "gateway_id": "",
            "id": "rtbassoc-03789e5a33b9302a7",
            "route_table_id": "rtb-0e5db1b1263260f6b",
            "subnet_id": "subnet-0da8794e4748b26a5"
          },
          "sensitive_attributes": [],
          "private": "bnVsbA==",
          "dependencies": [
            "aws_eip.eip-NAT1",
            "aws_internet_gateway.InternetGateway",
            "aws_nat_gateway.Nat-Az1",
            "aws_route_table.wp_priv_route_table1",
            "aws_subnet.data-subnet-az1",
            "aws_subnet.public-subnet-az1",
            "aws_vpc.wordpress"
          ]
        }
      ]
    },
    {
      "mode": "managed",
      "type": "aws_route_table_association",
      "name": "f",
      "provider": "provider[\"registry.terraform.io/hashicorp/aws\"]",
      "instances": [
        {
          "schema_version": 0,
          "attributes": {
            "gateway_id": "",
            "id": "rtbassoc-00eca3f3137355835",
            "route_table_id": "rtb-0eca8474b9db4ed97",
            "subnet_id": "subnet-05a8deaf83bdcf574"
          },
          "sensitive_attributes": [],
          "private": "bnVsbA==",
          "dependencies": [
            "aws_eip.eip-NAT2",
            "aws_internet_gateway.InternetGateway",
            "aws_nat_gateway.Nat-Az2",
            "aws_route_table.wp_priv_route_table2",
            "aws_subnet.data-subnet-az2",
            "aws_subnet.public-subnet-az2",
            "aws_vpc.wordpress"
          ]
        }
      ]
    },
    {
      "mode": "managed",
      "type": "aws_security_group",
      "name": "bastion-guest",
      "provider": "provider[\"registry.terraform.io/hashicorp/aws\"]",
      "instances": [
        {
          "schema_version": 1,
          "attributes": {
            "arn": "arn:aws:ec2:eu-central-1:626205521754:security-group/sg-0bd9c4f7b1e7666ea",
            "description": "for the bastion guest in this case the wordpress instance to Allows inbound traffic only from the bastion host",
            "egress": [
              {
                "cidr_blocks": [
                  "0.0.0.0/0"
                ],
                "description": "",
                "from_port": 0,
                "ipv6_cidr_blocks": [
                  "::/0"
                ],
                "prefix_list_ids": [],
                "protocol": "-1",
                "security_groups": [],
                "self": false,
                "to_port": 0
              }
            ],
            "id": "sg-0bd9c4f7b1e7666ea",
            "ingress": [
              {
                "cidr_blocks": [
                  "0.0.0.0/0"
                ],
                "description": "allowing ssh from the ip address of the bastion host",
                "from_port": 0,
                "ipv6_cidr_blocks": [
                  "::/0"
                ],
                "prefix_list_ids": [],
                "protocol": "-1",
                "security_groups": [],
                "self": false,
                "to_port": 0
              },
              {
                "cidr_blocks": [],
                "description": "allowing ssh from the ip address of the bastion host",
                "from_port": 22,
                "ipv6_cidr_blocks": [],
                "prefix_list_ids": [],
                "protocol": "tcp",
                "security_groups": [
                  "sg-01d743e72a9259070"
                ],
                "self": false,
                "to_port": 22
              },
              {
                "cidr_blocks": [],
                "description": "allowing ssh from the ip address of the bastion host",
                "from_port": 80,
                "ipv6_cidr_blocks": [],
                "prefix_list_ids": [],
                "protocol": "tcp",
                "security_groups": [
                  "sg-04aa93a555e4c025b"
                ],
                "self": false,
                "to_port": 80
              }
            ],
            "name": "allow-ssh-bastion",
            "name_prefix": "",
            "owner_id": "626205521754",
            "revoke_rules_on_delete": false,
            "tags": {
              "Name": "allow-ssh-bastion"
            },
            "tags_all": {
              "Name": "allow-ssh-bastion"
            },
            "timeouts": null,
            "vpc_id": "vpc-07f426f9f0ee673ad"
          },
          "sensitive_attributes": [],
          "private": "eyJlMmJmYjczMC1lY2FhLTExZTYtOGY4OC0zNDM2M2JjN2M0YzAiOnsiY3JlYXRlIjo2MDAwMDAwMDAwMDAsImRlbGV0ZSI6OTAwMDAwMDAwMDAwfSwic2NoZW1hX3ZlcnNpb24iOiIxIn0=",
          "dependencies": [
            "aws_security_group.bastion-host",
            "aws_security_group.lb_sg",
            "aws_vpc.wordpress"
          ]
        }
      ]
    },
    {
      "mode": "managed",
      "type": "aws_security_group",
      "name": "bastion-host",
      "provider": "provider[\"registry.terraform.io/hashicorp/aws\"]",
      "instances": [
        {
          "schema_version": 1,
          "attributes": {
            "arn": "arn:aws:ec2:eu-central-1:626205521754:security-group/sg-01d743e72a9259070",
            "description": "for the bastion host, to be used on the ec instance which will serve as the bastion host",
            "egress": [
              {
                "cidr_blocks": [
                  "0.0.0.0/0"
                ],
                "description": "",
                "from_port": 0,
                "ipv6_cidr_blocks": [
                  "::/0"
                ],
                "prefix_list_ids": [],
                "protocol": "-1",
                "security_groups": [],
                "self": false,
                "to_port": 0
              }
            ],
            "id": "sg-01d743e72a9259070",
            "ingress": [
              {
                "cidr_blocks": [
                  "0.0.0.0/0"
                ],
                "description": "security group for bastion host",
                "from_port": 22,
                "ipv6_cidr_blocks": [
                  "::/0"
                ],
                "prefix_list_ids": [],
                "protocol": "tcp",
                "security_groups": [],
                "self": false,
                "to_port": 22
              }
            ],
            "name": "SG-bastion-Host",
            "name_prefix": "",
            "owner_id": "626205521754",
            "revoke_rules_on_delete": false,
            "tags": {
              "Name": "SG-bastion-Host"
            },
            "tags_all": {
              "Name": "SG-bastion-Host"
            },
            "timeouts": null,
            "vpc_id": "vpc-07f426f9f0ee673ad"
          },
          "sensitive_attributes": [],
          "private": "eyJlMmJmYjczMC1lY2FhLTExZTYtOGY4OC0zNDM2M2JjN2M0YzAiOnsiY3JlYXRlIjo2MDAwMDAwMDAwMDAsImRlbGV0ZSI6OTAwMDAwMDAwMDAwfSwic2NoZW1hX3ZlcnNpb24iOiIxIn0=",
          "dependencies": [
            "aws_vpc.wordpress"
          ]
        }
      ]
    },
    {
      "mode": "managed",
      "type": "aws_security_group",
      "name": "efs",
      "provider": "provider[\"registry.terraform.io/hashicorp/aws\"]",
      "instances": [
        {
          "schema_version": 1,
          "attributes": {
            "arn": "arn:aws:ec2:eu-central-1:626205521754:security-group/sg-0d6b1dd5a7f6822df",
            "description": "Allows inbound efs traffic from ec2",
            "egress": [
              {
                "cidr_blocks": [],
                "description": "",
                "from_port": 0,
                "ipv6_cidr_blocks": [],
                "prefix_list_ids": [],
                "protocol": "-1",
                "security_groups": [
                  "sg-0bd9c4f7b1e7666ea"
                ],
                "self": false,
                "to_port": 0
              }
            ],
            "id": "sg-0d6b1dd5a7f6822df",
            "ingress": [
              {
                "cidr_blocks": [],
                "description": "",
                "from_port": 2049,
                "ipv6_cidr_blocks": [],
                "prefix_list_ids": [],
                "protocol": "tcp",
                "security_groups": [
                  "sg-0bd9c4f7b1e7666ea"
                ],
                "self": false,
                "to_port": 2049
              }
            ],
            "name": "efs-sg",
            "name_prefix": "",
            "owner_id": "626205521754",
            "revoke_rules_on_delete": false,
            "tags": null,
            "tags_all": {},
            "timeouts": null,
            "vpc_id": "vpc-07f426f9f0ee673ad"
          },
          "sensitive_attributes": [],
          "private": "eyJlMmJmYjczMC1lY2FhLTExZTYtOGY4OC0zNDM2M2JjN2M0YzAiOnsiY3JlYXRlIjo2MDAwMDAwMDAwMDAsImRlbGV0ZSI6OTAwMDAwMDAwMDAwfSwic2NoZW1hX3ZlcnNpb24iOiIxIn0=",
          "dependencies": [
            "aws_security_group.bastion-guest",
            "aws_security_group.bastion-host",
            "aws_security_group.lb_sg",
            "aws_vpc.wordpress"
          ]
        }
      ]
    },
    {
      "mode": "managed",
      "type": "aws_security_group",
      "name": "lb_sg",
      "provider": "provider[\"registry.terraform.io/hashicorp/aws\"]",
      "instances": [
        {
          "schema_version": 1,
          "attributes": {
            "arn": "arn:aws:ec2:eu-central-1:626205521754:security-group/sg-04aa93a555e4c025b",
            "description": "for the application load balancer",
            "egress": [
              {
                "cidr_blocks": [
                  "0.0.0.0/0"
                ],
                "description": "",
                "from_port": 0,
                "ipv6_cidr_blocks": [
                  "::/0"
                ],
                "prefix_list_ids": [],
                "protocol": "-1",
                "security_groups": [],
                "self": false,
                "to_port": 0
              }
            ],
            "id": "sg-04aa93a555e4c025b",
            "ingress": [
              {
                "cidr_blocks": [
                  "0.0.0.0/0"
                ],
                "description": "security group for bastion host",
                "from_port": 80,
                "ipv6_cidr_blocks": [
                  "::/0"
                ],
                "prefix_list_ids": [],
                "protocol": "tcp",
                "security_groups": [],
                "self": false,
                "to_port": 80
              }
            ],
            "name": "SG-wordpress-lb-sg",
            "name_prefix": "",
            "owner_id": "626205521754",
            "revoke_rules_on_delete": false,
            "tags": null,
            "tags_all": {},
            "timeouts": null,
            "vpc_id": "vpc-07f426f9f0ee673ad"
          },
          "sensitive_attributes": [],
          "private": "eyJlMmJmYjczMC1lY2FhLTExZTYtOGY4OC0zNDM2M2JjN2M0YzAiOnsiY3JlYXRlIjo2MDAwMDAwMDAwMDAsImRlbGV0ZSI6OTAwMDAwMDAwMDAwfSwic2NoZW1hX3ZlcnNpb24iOiIxIn0=",
          "dependencies": [
            "aws_vpc.wordpress"
          ]
        }
      ]
    },
    {
      "mode": "managed",
      "type": "aws_subnet",
      "name": "app-subnet-az1",
      "provider": "provider[\"registry.terraform.io/hashicorp/aws\"]",
      "instances": [
        {
          "schema_version": 1,
          "attributes": {
            "arn": "arn:aws:ec2:eu-central-1:626205521754:subnet/subnet-0c0eacb44b4401d1e",
            "assign_ipv6_address_on_creation": false,
            "availability_zone": "eu-central-1a",
            "availability_zone_id": "euc1-az2",
            "cidr_block": "10.0.0.0/22",
            "customer_owned_ipv4_pool": "",
            "enable_dns64": false,
            "enable_resource_name_dns_a_record_on_launch": false,
            "enable_resource_name_dns_aaaa_record_on_launch": false,
            "id": "subnet-0c0eacb44b4401d1e",
            "ipv6_cidr_block": "",
            "ipv6_cidr_block_association_id": "",
            "ipv6_native": false,
            "map_customer_owned_ip_on_launch": false,
            "map_public_ip_on_launch": false,
            "outpost_arn": "",
            "owner_id": "626205521754",
            "private_dns_hostname_type_on_launch": "ip-name",
            "tags": {
              "Name": "app subnet az1"
            },
            "tags_all": {
              "Name": "app subnet az1"
            },
            "timeouts": null,
            "vpc_id": "vpc-07f426f9f0ee673ad"
          },
          "sensitive_attributes": [],
          "private": "eyJlMmJmYjczMC1lY2FhLTExZTYtOGY4OC0zNDM2M2JjN2M0YzAiOnsiY3JlYXRlIjo2MDAwMDAwMDAwMDAsImRlbGV0ZSI6MTIwMDAwMDAwMDAwMH0sInNjaGVtYV92ZXJzaW9uIjoiMSJ9",
          "dependencies": [
            "aws_vpc.wordpress"
          ]
        }
      ]
    },
    {
      "mode": "managed",
      "type": "aws_subnet",
      "name": "app-subnet-az2",
      "provider": "provider[\"registry.terraform.io/hashicorp/aws\"]",
      "instances": [
        {
          "schema_version": 1,
          "attributes": {
            "arn": "arn:aws:ec2:eu-central-1:626205521754:subnet/subnet-025df943761c683c4",
            "assign_ipv6_address_on_creation": false,
            "availability_zone": "eu-central-1b",
            "availability_zone_id": "euc1-az3",
            "cidr_block": "10.0.4.0/22",
            "customer_owned_ipv4_pool": "",
            "enable_dns64": false,
            "enable_resource_name_dns_a_record_on_launch": false,
            "enable_resource_name_dns_aaaa_record_on_launch": false,
            "id": "subnet-025df943761c683c4",
            "ipv6_cidr_block": "",
            "ipv6_cidr_block_association_id": "",
            "ipv6_native": false,
            "map_customer_owned_ip_on_launch": false,
            "map_public_ip_on_launch": false,
            "outpost_arn": "",
            "owner_id": "626205521754",
            "private_dns_hostname_type_on_launch": "ip-name",
            "tags": {
              "Name": "app subnet az2"
            },
            "tags_all": {
              "Name": "app subnet az2"
            },
            "timeouts": null,
            "vpc_id": "vpc-07f426f9f0ee673ad"
          },
          "sensitive_attributes": [],
          "private": "eyJlMmJmYjczMC1lY2FhLTExZTYtOGY4OC0zNDM2M2JjN2M0YzAiOnsiY3JlYXRlIjo2MDAwMDAwMDAwMDAsImRlbGV0ZSI6MTIwMDAwMDAwMDAwMH0sInNjaGVtYV92ZXJzaW9uIjoiMSJ9",
          "dependencies": [
            "aws_vpc.wordpress"
          ]
        }
      ]
    },
    {
      "mode": "managed",
      "type": "aws_subnet",
      "name": "data-subnet-az1",
      "provider": "provider[\"registry.terraform.io/hashicorp/aws\"]",
      "instances": [
        {
          "schema_version": 1,
          "attributes": {
            "arn": "arn:aws:ec2:eu-central-1:626205521754:subnet/subnet-0da8794e4748b26a5",
            "assign_ipv6_address_on_creation": false,
            "availability_zone": "eu-central-1a",
            "availability_zone_id": "euc1-az2",
            "cidr_block": "10.0.100.0/24",
            "customer_owned_ipv4_pool": "",
            "enable_dns64": false,
            "enable_resource_name_dns_a_record_on_launch": false,
            "enable_resource_name_dns_aaaa_record_on_launch": false,
            "id": "subnet-0da8794e4748b26a5",
            "ipv6_cidr_block": "",
            "ipv6_cidr_block_association_id": "",
            "ipv6_native": false,
            "map_customer_owned_ip_on_launch": false,
            "map_public_ip_on_launch": false,
            "outpost_arn": "",
            "owner_id": "626205521754",
            "private_dns_hostname_type_on_launch": "ip-name",
            "tags": {
              "Name": "data subnet az1"
            },
            "tags_all": {
              "Name": "data subnet az1"
            },
            "timeouts": null,
            "vpc_id": "vpc-07f426f9f0ee673ad"
          },
          "sensitive_attributes": [],
          "private": "eyJlMmJmYjczMC1lY2FhLTExZTYtOGY4OC0zNDM2M2JjN2M0YzAiOnsiY3JlYXRlIjo2MDAwMDAwMDAwMDAsImRlbGV0ZSI6MTIwMDAwMDAwMDAwMH0sInNjaGVtYV92ZXJzaW9uIjoiMSJ9",
          "dependencies": [
            "aws_vpc.wordpress"
          ]
        }
      ]
    },
    {
      "mode": "managed",
      "type": "aws_subnet",
      "name": "data-subnet-az2",
      "provider": "provider[\"registry.terraform.io/hashicorp/aws\"]",
      "instances": [
        {
          "schema_version": 1,
          "attributes": {
            "arn": "arn:aws:ec2:eu-central-1:626205521754:subnet/subnet-05a8deaf83bdcf574",
            "assign_ipv6_address_on_creation": false,
            "availability_zone": "eu-central-1b",
            "availability_zone_id": "euc1-az3",
            "cidr_block": "10.0.101.0/24",
            "customer_owned_ipv4_pool": "",
            "enable_dns64": false,
            "enable_resource_name_dns_a_record_on_launch": false,
            "enable_resource_name_dns_aaaa_record_on_launch": false,
            "id": "subnet-05a8deaf83bdcf574",
            "ipv6_cidr_block": "",
            "ipv6_cidr_block_association_id": "",
            "ipv6_native": false,
            "map_customer_owned_ip_on_launch": false,
            "map_public_ip_on_launch": false,
            "outpost_arn": "",
            "owner_id": "626205521754",
            "private_dns_hostname_type_on_launch": "ip-name",
            "tags": {
              "Name": "data subnet az2"
            },
            "tags_all": {
              "Name": "data subnet az2"
            },
            "timeouts": null,
            "vpc_id": "vpc-07f426f9f0ee673ad"
          },
          "sensitive_attributes": [],
          "private": "eyJlMmJmYjczMC1lY2FhLTExZTYtOGY4OC0zNDM2M2JjN2M0YzAiOnsiY3JlYXRlIjo2MDAwMDAwMDAwMDAsImRlbGV0ZSI6MTIwMDAwMDAwMDAwMH0sInNjaGVtYV92ZXJzaW9uIjoiMSJ9",
          "dependencies": [
            "aws_vpc.wordpress"
          ]
        }
      ]
    },
    {
      "mode": "managed",
      "type": "aws_subnet",
      "name": "public-subnet-az1",
      "provider": "provider[\"registry.terraform.io/hashicorp/aws\"]",
      "instances": [
        {
          "schema_version": 1,
          "attributes": {
            "arn": "arn:aws:ec2:eu-central-1:626205521754:subnet/subnet-0315a2896974323e2",
            "assign_ipv6_address_on_creation": false,
            "availability_zone": "eu-central-1a",
            "availability_zone_id": "euc1-az2",
            "cidr_block": "10.0.200.0/24",
            "customer_owned_ipv4_pool": "",
            "enable_dns64": false,
            "enable_resource_name_dns_a_record_on_launch": false,
            "enable_resource_name_dns_aaaa_record_on_launch": false,
            "id": "subnet-0315a2896974323e2",
            "ipv6_cidr_block": "",
            "ipv6_cidr_block_association_id": "",
            "ipv6_native": false,
            "map_customer_owned_ip_on_launch": false,
            "map_public_ip_on_launch": true,
            "outpost_arn": "",
            "owner_id": "626205521754",
            "private_dns_hostname_type_on_launch": "ip-name",
            "tags": {
              "Name": "public subnet az1"
            },
            "tags_all": {
              "Name": "public subnet az1"
            },
            "timeouts": null,
            "vpc_id": "vpc-07f426f9f0ee673ad"
          },
          "sensitive_attributes": [],
          "private": "eyJlMmJmYjczMC1lY2FhLTExZTYtOGY4OC0zNDM2M2JjN2M0YzAiOnsiY3JlYXRlIjo2MDAwMDAwMDAwMDAsImRlbGV0ZSI6MTIwMDAwMDAwMDAwMH0sInNjaGVtYV92ZXJzaW9uIjoiMSJ9",
          "dependencies": [
            "aws_vpc.wordpress"
          ]
        }
      ]
    },
    {
      "mode": "managed",
      "type": "aws_subnet",
      "name": "public-subnet-az2",
      "provider": "provider[\"registry.terraform.io/hashicorp/aws\"]",
      "instances": [
        {
          "schema_version": 1,
          "attributes": {
            "arn": "arn:aws:ec2:eu-central-1:626205521754:subnet/subnet-02a3da0f6544a9cb8",
            "assign_ipv6_address_on_creation": false,
            "availability_zone": "eu-central-1b",
            "availability_zone_id": "euc1-az3",
            "cidr_block": "10.0.201.0/24",
            "customer_owned_ipv4_pool": "",
            "enable_dns64": false,
            "enable_resource_name_dns_a_record_on_launch": false,
            "enable_resource_name_dns_aaaa_record_on_launch": false,
            "id": "subnet-02a3da0f6544a9cb8",
            "ipv6_cidr_block": "",
            "ipv6_cidr_block_association_id": "",
            "ipv6_native": false,
            "map_customer_owned_ip_on_launch": false,
            "map_public_ip_on_launch": true,
            "outpost_arn": "",
            "owner_id": "626205521754",
            "private_dns_hostname_type_on_launch": "ip-name",
            "tags": {
              "Name": "public subnet az2"
            },
            "tags_all": {
              "Name": "public subnet az2"
            },
            "timeouts": null,
            "vpc_id": "vpc-07f426f9f0ee673ad"
          },
          "sensitive_attributes": [],
          "private": "eyJlMmJmYjczMC1lY2FhLTExZTYtOGY4OC0zNDM2M2JjN2M0YzAiOnsiY3JlYXRlIjo2MDAwMDAwMDAwMDAsImRlbGV0ZSI6MTIwMDAwMDAwMDAwMH0sInNjaGVtYV92ZXJzaW9uIjoiMSJ9",
          "dependencies": [
            "aws_vpc.wordpress"
          ]
        }
      ]
    },
    {
      "mode": "managed",
      "type": "aws_vpc",
      "name": "wordpress",
      "provider": "provider[\"registry.terraform.io/hashicorp/aws\"]",
      "instances": [
        {
          "schema_version": 1,
          "attributes": {
            "arn": "arn:aws:ec2:eu-central-1:626205521754:vpc/vpc-07f426f9f0ee673ad",
            "assign_generated_ipv6_cidr_block": false,
            "cidr_block": "10.0.0.0/16",
            "default_network_acl_id": "acl-01d670024b2767d15",
            "default_route_table_id": "rtb-081acfd7a726d52de",
            "default_security_group_id": "sg-0c9ba87d6c152ce89",
            "dhcp_options_id": "dopt-ec1d8b86",
            "enable_classiclink": false,
            "enable_classiclink_dns_support": false,
            "enable_dns_hostnames": false,
            "enable_dns_support": true,
            "id": "vpc-07f426f9f0ee673ad",
            "instance_tenancy": "default",
            "ipv4_ipam_pool_id": null,
            "ipv4_netmask_length": null,
            "ipv6_association_id": "",
            "ipv6_cidr_block": "",
            "ipv6_cidr_block_network_border_group": "",
            "ipv6_ipam_pool_id": "",
            "ipv6_netmask_length": 0,
            "main_route_table_id": "rtb-081acfd7a726d52de",
            "owner_id": "626205521754",
            "tags": {
              "Name": "wordpress"
            },
            "tags_all": {
              "Name": "wordpress"
            }
          },
          "sensitive_attributes": [],
          "private": "eyJzY2hlbWFfdmVyc2lvbiI6IjEifQ=="
        }
      ]
    },
    {
      "mode": "managed",
      "type": "time_sleep",
      "name": "wait_300_seconds",
      "provider": "provider[\"registry.terraform.io/hashicorp/time\"]",
      "instances": [
        {
          "schema_version": 0,
          "attributes": {
            "create_duration": "300s",
            "destroy_duration": null,
            "id": "2022-02-07T20:08:23Z",
            "triggers": null
          },
          "sensitive_attributes": [],
          "private": "bnVsbA==",
          "dependencies": [
            "aws_eip.eip-NAT1",
            "aws_eip.eip-NAT2",
            "aws_iam_instance_profile.wordpress_instance_profile",
            "aws_iam_role.ec2_role",
            "aws_instance.Wordpress_Instance",
            "aws_internet_gateway.InternetGateway",
            "aws_nat_gateway.Nat-Az1",
            "aws_nat_gateway.Nat-Az2",
            "aws_network_acl.nacl",
            "aws_route_table.wp_priv_route_table1",
            "aws_route_table.wp_priv_route_table2",
            "aws_route_table_association.c",
            "aws_route_table_association.d",
            "aws_security_group.bastion-guest",
            "aws_security_group.bastion-host",
            "aws_security_group.lb_sg",
            "aws_subnet.app-subnet-az1",
            "aws_subnet.app-subnet-az2",
            "aws_subnet.public-subnet-az1",
            "aws_subnet.public-subnet-az2",
            "aws_vpc.wordpress",
            "data.aws_ami.ubuntu",
            "data.aws_key_pair.key_pair"
          ]
        }
      ]
    }
  ]
}
